
Microsoft Visual Studio Solution File, Format Version 12.00
# Visual Studio Version 17
VisualStudioVersion = 17.14.36414.22
MinimumVisualStudioVersion = 10.0.40219.1
Project("{FAE04EC0-301F-11D3-BF4B-00C04F79EFBC}") = "GuitarTuner_Console_App", "GuitarTuner_Console_App\GuitarTuner_Console_App.csproj", "{55A8E5A0-1251-4BBD-B202-33E924EFEE2C}"
	ProjectSection(ProjectDependencies) = postProject
		{08D0AF51-9720-4AB8-BCCC-846E72560069} = {08D0AF51-9720-4AB8-BCCC-846E72560069}
	EndProjectSection
EndProject
Project("{FAE04EC0-301F-11D3-BF4B-00C04F79EFBC}") = "GuitarTuner_GUI_App", "GuitarTuner_GUI_App\GuitarTuner_GUI_App\GuitarTuner_GUI_App.csproj", "{F4DAC464-2E7E-42AF-BF66-F447A3316E61}"
	ProjectSection(ProjectDependencies) = postProject
		{08D0AF51-9720-4AB8-BCCC-846E72560069} = {08D0AF51-9720-4AB8-BCCC-846E72560069}
	EndProjectSection
EndProject
Project("{FAE04EC0-301F-11D3-BF4B-00C04F79EFBC}") = "TunerCore", "TunerCore\TunerCore.csproj", "{08D0AF51-9720-4AB8-BCCC-846E72560069}"
EndProject
Global
	GlobalSection(SolutionConfigurationPlatforms) = preSolution
		Debug|Any CPU = Debug|Any CPU
		Release|Any CPU = Release|Any CPU
	EndGlobalSection
	GlobalSection(ProjectConfigurationPlatforms) = postSolution
		{55A8E5A0-1251-4BBD-B202-33E924EFEE2C}.Debug|Any CPU.ActiveCfg = Debug|Any CPU
		{55A8E5A0-1251-4BBD-B202-33E924EFEE2C}.Debug|Any CPU.Build.0 = Debug|Any CPU
		{55A8E5A0-1251-4BBD-B202-33E924EFEE2C}.Release|Any CPU.ActiveCfg = Release|Any CPU
		{55A8E5A0-1251-4BBD-B202-33E924EFEE2C}.Release|Any CPU.Build.0 = Release|Any CPU
		{F4DAC464-2E7E-42AF-BF66-F447A3316E61}.Debug|Any CPU.ActiveCfg = Debug|Any CPU
		{F4DAC464-2E7E-42AF-BF66-F447A3316E61}.Debug|Any CPU.Build.0 = Debug|Any CPU
		{F4DAC464-2E7E-42AF-BF66-F447A3316E61}.Release|Any CPU.ActiveCfg = Release|Any CPU
		{F4DAC464-2E7E-42AF-BF66-F447A3316E61}.Release|Any CPU.Build.0 = Release|Any CPU
		{08D0AF51-9720-4AB8-BCCC-846E72560069}.Debug|Any CPU.ActiveCfg = Debug|Any CPU
		{08D0AF51-9720-4AB8-BCCC-846E72560069}.Debug|Any CPU.Build.0 = Debug|Any CPU
		{08D0AF51-9720-4AB8-BCCC-846E72560069}.Release|Any CPU.ActiveCfg = Release|Any CPU
		{08D0AF51-9720-4AB8-BCCC-846E72560069}.Release|Any CPU.Build.0 = Release|Any CPU
	EndGlobalSection
	GlobalSection(SolutionProperties) = preSolution
		HideSolutionNode = FALSE
	EndGlobalSection
	GlobalSection(ExtensibilityGlobals) = postSolution
		SolutionGuid = {B6E20437-FD3A-4979-8D67-94F3B1803BDB}
	EndGlobalSection
EndGlobal
