
Microsoft Visual Studio Solution File, Format Version 12.00
# Visual Studio Version 17
VisualStudioVersion = 17.14.36414.22 d17.14
MinimumVisualStudioVersion = 10.0.40219.1
Project("{FAE04EC0-301F-11D3-BF4B-00C04F79EFBC}") = "JoelMarji_GuitarTuner_Capstone", "JoelMarji_GuitarTuner_Capstone\JoelMarji_GuitarTuner_Capstone.csproj", "{55A8E5A0-1251-4BBD-B202-33E924EFEE2C}"
EndProject
Global
	GlobalSection(SolutionConfigurationPlatforms) = preSolution
		Debug|Any CPU = Debug|Any CPU
		Release|Any CPU = Release|Any CPU
	EndGlobalSection
	GlobalSection(ProjectConfigurationPlatforms) = postSolution
		{55A8E5A0-1251-4BBD-B202-33E924EFEE2C}.Debug|Any CPU.ActiveCfg = Debug|Any CPU
		{55A8E5A0-1251-4BBD-B202-33E924EFEE2C}.Debug|Any CPU.Build.0 = Debug|Any CPU
		{55A8E5A0-1251-4BBD-B202-33E924EFEE2C}.Release|Any CPU.ActiveCfg = Release|Any CPU
		{55A8E5A0-1251-4BBD-B202-33E924EFEE2C}.Release|Any CPU.Build.0 = Release|Any CPU
	EndGlobalSection
	GlobalSection(SolutionProperties) = preSolution
		HideSolutionNode = FALSE
	EndGlobalSection
	GlobalSection(ExtensibilityGlobals) = postSolution
		SolutionGuid = {B6E20437-FD3A-4979-8D67-94F3B1803BDB}
	EndGlobalSection
EndGlobal
